PODS:
  - Alamofire (5.2.2)
  - HandyJSON (5.0.2)
  - IBAnimatable (6.1.0)
  - Ji (5.0.0)
  - Kingfisher (5.14.1):
    - Kingfisher/Core (= 5.14.1)
  - Kingfisher/Core (5.14.1)
  - KingfisherWebP (0.7.0):
    - Kingfisher (~> 5.8)
    - libwebp (>= 0.5.0)
  - libwebp (1.1.0):
    - libwebp/demux (= 1.1.0)
    - libwebp/mux (= 1.1.0)
    - libwebp/webp (= 1.1.0)
  - libwebp/demux (1.1.0):
    - libwebp/webp
  - libwebp/mux (1.1.0):
    - libwebp/demux
  - libwebp/webp (1.1.0)
  - MJRefresh (3.4.3)
  - Moya (14.0.0):
    - Moya/Core (= 14.0.0)
  - Moya/Core (14.0.0):
    - Alamofire (~> 5.0)
  - SnapKit (5.0.1)
  - SwiftyJSON (5.0.0)

DEPENDENCIES:
  - HandyJSON
  - IBAnimatable
  - Ji (~> 5.0.0)
  - Kingfisher
  - KingfisherWebP
  - MJRefresh
  - Moya
  - SnapKit
  - SwiftyJSON

SPEC REPOS:
  https://github.com/CocoaPods/Specs.git:
    - Alamofire
    - HandyJSON
    - IBAnimatable
    - Ji
    - Kingfisher
    - KingfisherWebP
    - libwebp
    - MJRefresh
    - Moya
    - SnapKit
    - SwiftyJSON

SPEC CHECKSUMS:
  Alamofire: 814429acc853c6c54ff123fc3d2ef66803823ce0
  HandyJSON: 9e4e236f5d2dbefad5155a77417bbea438201c03
  IBAnimatable: 99dddd4c0625884a301ba3ecbc1615f8a390368e
  Ji: d795fed288fe78658b404c88946d753b17d8d7f4
  Kingfisher: 8050bc6f7f68cbf3908bd04df7ccbac188f6d6d6
  KingfisherWebP: 50d8389a48a9004c36e655470ccbff96de1ced9c
  libwebp: 04242ef451672185c1fe41b285a034d2fbda483c
  MJRefresh: 53e3e3219f204425ee6d3e62e8733d3295944cd6
  Moya: 5b45dacb75adb009f97fde91c204c1e565d31916
  SnapKit: 97b92857e3df3a0c71833cce143274bf6ef8e5eb
  SwiftyJSON: 36413e04c44ee145039d332b4f4e2d3e8d6c4db7

PODFILE CHECKSUM: 969880da7b666a6f8980c35a4fe2481c4eb06ca2

COCOAPODS: 1.8.4
